
Microsoft Visual Studio Solution File, Format Version 12.00
# Visual Studio 14
VisualStudioVersion = 14.0.25420.1
MinimumVisualStudioVersion = 10.0.40219.1
Project("{FAE04EC0-301F-11D3-BF4B-00C04F79EFBC}") = "DataLayer", "DataLayer\DataLayer.csproj", "{4D58562D-1461-49BA-B7DE-F8AEA9C323EB}"
EndProject
Project("{FAE04EC0-301F-11D3-BF4B-00C04F79EFBC}") = "ServiceLibrary", "ServiceLibrary\ServiceLibrary.csproj", "{80CEAB39-7422-40BE-9384-8E86C643FEB4}"
EndProject
Project("{FAE04EC0-301F-11D3-BF4B-00C04F79EFBC}") = "Client", "Client\Client.csproj", "{5316F979-34C8-4ADB-8DA7-04C37730825E}"
	ProjectSection(ProjectDependencies) = postProject
		{80CEAB39-7422-40BE-9384-8E86C643FEB4} = {80CEAB39-7422-40BE-9384-8E86C643FEB4}
	EndProjectSection
EndProject
Global
	GlobalSection(SolutionConfigurationPlatforms) = preSolution
		Debug|Any CPU = Debug|Any CPU
		Release|Any CPU = Release|Any CPU
	EndGlobalSection
	GlobalSection(ProjectConfigurationPlatforms) = postSolution
		{4D58562D-1461-49BA-B7DE-F8AEA9C323EB}.Debug|Any CPU.ActiveCfg = Debug|Any CPU
		{4D58562D-1461-49BA-B7DE-F8AEA9C323EB}.Debug|Any CPU.Build.0 = Debug|Any CPU
		{4D58562D-1461-49BA-B7DE-F8AEA9C323EB}.Release|Any CPU.ActiveCfg = Release|Any CPU
		{4D58562D-1461-49BA-B7DE-F8AEA9C323EB}.Release|Any CPU.Build.0 = Release|Any CPU
		{80CEAB39-7422-40BE-9384-8E86C643FEB4}.Debug|Any CPU.ActiveCfg = Debug|Any CPU
		{80CEAB39-7422-40BE-9384-8E86C643FEB4}.Debug|Any CPU.Build.0 = Debug|Any CPU
		{80CEAB39-7422-40BE-9384-8E86C643FEB4}.Release|Any CPU.ActiveCfg = Release|Any CPU
		{80CEAB39-7422-40BE-9384-8E86C643FEB4}.Release|Any CPU.Build.0 = Release|Any CPU
		{5316F979-34C8-4ADB-8DA7-04C37730825E}.Debug|Any CPU.ActiveCfg = Debug|Any CPU
		{5316F979-34C8-4ADB-8DA7-04C37730825E}.Debug|Any CPU.Build.0 = Debug|Any CPU
		{5316F979-34C8-4ADB-8DA7-04C37730825E}.Release|Any CPU.ActiveCfg = Release|Any CPU
		{5316F979-34C8-4ADB-8DA7-04C37730825E}.Release|Any CPU.Build.0 = Release|Any CPU
	EndGlobalSection
	GlobalSection(SolutionProperties) = preSolution
		HideSolutionNode = FALSE
	EndGlobalSection
EndGlobal
